PODS:
  - SQLCipher (4.5.2):
    - SQLCipher/standard (= 4.5.2)
  - SQLCipher/common (4.5.2)
  - SQLCipher/standard (4.5.2):
    - SQLCipher/common
  - ZCRMiOS (1.41.0):
    - SQLCipher (~> 4.5.2)
  - ZohoAuth (1.3)
  - ZohoPortalAuth (0.0.3)

DEPENDENCIES:
  - ZCRMiOS (from `../`)
  - ZohoAuth (= 1.3)
  - ZohoPortalAuth (= 0.0.3)

SPEC REPOS:
  trunk:
    - SQLCipher
    - ZohoAuth
    - ZohoPortalAuth

EXTERNAL SOURCES:
  ZCRMiOS:
    :path: "../"

SPEC CHECKSUMS:
  SQLCipher: f5b4857434158b571a3ed3b10b3b43cd18ef5f67
  ZCRMiOS: a37b8b919600cd8749c8571f8de34569d3e8476e
  ZohoAuth: e197f454c4ee6d05d1e7396cf2a5a766ec6c4ab6
  ZohoPortalAuth: d642a6f5a6891c6c0855e39ce88c800188637ce6

PODFILE CHECKSUM: f31f99b9d8ffe3fcab42ab42259fd9057e39bc5a

COCOAPODS: 1.10.1
