PODS:
  - ZCRMiOS (0.0.1)
  - ZohoAuth (0.0.1)

DEPENDENCIES:
  - ZCRMiOS (from `../`)
  - ZohoAuth

EXTERNAL SOURCES:
  ZCRMiOS:
    :path: ../

SPEC CHECKSUMS:
  ZCRMiOS: ccb4543df0b0afcb88a9dcee96718d9a51f9dc6a
  ZohoAuth: f41ca40c3cbe2797a6e42f579883eb72b18e55af

PODFILE CHECKSUM: e30d08d06b46e85c5a31b133878e0ddc93f5ea99

COCOAPODS: 1.4.0
